
Microsoft Visual Studio Solution File, Format Version 12.00
# Visual Studio Version 17
VisualStudioVersion = 17.1.31903.286
MinimumVisualStudioVersion = 10.0.40219.1
Project("{9A19103F-16F7-4668-BE54-9A1E7A4F7556}") = "archiveTool", "archiveTool\archiveTool.csproj", "{226A3339-56DA-4308-B7DE-A89AD2675432}"
EndProject
Project("{9A19103F-16F7-4668-BE54-9A1E7A4F7556}") = "igArchiveLib", "..\igArchiveLib\igArchiveLib\igArchiveLib.csproj", "{096A3406-388D-4A54-AABC-A9F9C052515A}"
EndProject
Project("{2150E333-8FDC-42A3-9474-1A3956D46DE8}") = "Externals", "Externals", "{844506EA-8619-4368-B0AF-465E9FAE1D15}"
EndProject
Global
	GlobalSection(SolutionConfigurationPlatforms) = preSolution
		Debug|Any CPU = Debug|Any CPU
		Debug|x64 = Debug|x64
		Debug|x86 = Debug|x86
		Release|Any CPU = Release|Any CPU
		Release|x64 = Release|x64
		Release|x86 = Release|x86
	EndGlobalSection
	GlobalSection(ProjectConfigurationPlatforms) = postSolution
		{226A3339-56DA-4308-B7DE-A89AD2675432}.Debug|Any CPU.ActiveCfg = Debug|Any CPU
		{226A3339-56DA-4308-B7DE-A89AD2675432}.Debug|Any CPU.Build.0 = Debug|Any CPU
		{226A3339-56DA-4308-B7DE-A89AD2675432}.Debug|x64.ActiveCfg = Debug|Any CPU
		{226A3339-56DA-4308-B7DE-A89AD2675432}.Debug|x64.Build.0 = Debug|Any CPU
		{226A3339-56DA-4308-B7DE-A89AD2675432}.Debug|x86.ActiveCfg = Debug|Any CPU
		{226A3339-56DA-4308-B7DE-A89AD2675432}.Debug|x86.Build.0 = Debug|Any CPU
		{226A3339-56DA-4308-B7DE-A89AD2675432}.Release|Any CPU.ActiveCfg = Release|Any CPU
		{226A3339-56DA-4308-B7DE-A89AD2675432}.Release|Any CPU.Build.0 = Release|Any CPU
		{226A3339-56DA-4308-B7DE-A89AD2675432}.Release|x64.ActiveCfg = Release|Any CPU
		{226A3339-56DA-4308-B7DE-A89AD2675432}.Release|x64.Build.0 = Release|Any CPU
		{226A3339-56DA-4308-B7DE-A89AD2675432}.Release|x86.ActiveCfg = Release|Any CPU
		{226A3339-56DA-4308-B7DE-A89AD2675432}.Release|x86.Build.0 = Release|Any CPU
		{096A3406-388D-4A54-AABC-A9F9C052515A}.Debug|Any CPU.ActiveCfg = Debug|Any CPU
		{096A3406-388D-4A54-AABC-A9F9C052515A}.Debug|Any CPU.Build.0 = Debug|Any CPU
		{096A3406-388D-4A54-AABC-A9F9C052515A}.Debug|x64.ActiveCfg = Debug|Any CPU
		{096A3406-388D-4A54-AABC-A9F9C052515A}.Debug|x64.Build.0 = Debug|Any CPU
		{096A3406-388D-4A54-AABC-A9F9C052515A}.Debug|x86.ActiveCfg = Debug|Any CPU
		{096A3406-388D-4A54-AABC-A9F9C052515A}.Debug|x86.Build.0 = Debug|Any CPU
		{096A3406-388D-4A54-AABC-A9F9C052515A}.Release|Any CPU.ActiveCfg = Release|Any CPU
		{096A3406-388D-4A54-AABC-A9F9C052515A}.Release|Any CPU.Build.0 = Release|Any CPU
		{096A3406-388D-4A54-AABC-A9F9C052515A}.Release|x64.ActiveCfg = Release|Any CPU
		{096A3406-388D-4A54-AABC-A9F9C052515A}.Release|x64.Build.0 = Release|Any CPU
		{096A3406-388D-4A54-AABC-A9F9C052515A}.Release|x86.ActiveCfg = Release|Any CPU
		{096A3406-388D-4A54-AABC-A9F9C052515A}.Release|x86.Build.0 = Release|Any CPU
	EndGlobalSection
	GlobalSection(SolutionProperties) = preSolution
		HideSolutionNode = FALSE
	EndGlobalSection
	GlobalSection(NestedProjects) = preSolution
		{096A3406-388D-4A54-AABC-A9F9C052515A} = {844506EA-8619-4368-B0AF-465E9FAE1D15}
	EndGlobalSection
	GlobalSection(ExtensibilityGlobals) = postSolution
		SolutionGuid = {012ABFF1-D102-4495-A87D-3A97978ED7B9}
	EndGlobalSection
EndGlobal
